
Microsoft Visual Studio Solution File, Format Version 12.00
# Visual Studio Version 17
VisualStudioVersion = 17.11.35312.102
MinimumVisualStudioVersion = 10.0.40219.1
Project("{FAE04EC0-301F-11D3-BF4B-00C04F79EFBC}") = "practicaUno", "practicaUno\practicaUno.csproj", "{78A62E0E-AB7A-46B5-BDFE-FA1EA98876E5}"
EndProject
Global
	GlobalSection(SolutionConfigurationPlatforms) = preSolution
		Debug|Any CPU = Debug|Any CPU
		Release|Any CPU = Release|Any CPU
	EndGlobalSection
	GlobalSection(ProjectConfigurationPlatforms) = postSolution
		{78A62E0E-AB7A-46B5-BDFE-FA1EA98876E5}.Debug|Any CPU.ActiveCfg = Debug|Any CPU
		{78A62E0E-AB7A-46B5-BDFE-FA1EA98876E5}.Debug|Any CPU.Build.0 = Debug|Any CPU
		{78A62E0E-AB7A-46B5-BDFE-FA1EA98876E5}.Release|Any CPU.ActiveCfg = Release|Any CPU
		{78A62E0E-AB7A-46B5-BDFE-FA1EA98876E5}.Release|Any CPU.Build.0 = Release|Any CPU
	EndGlobalSection
	GlobalSection(SolutionProperties) = preSolution
		HideSolutionNode = FALSE
	EndGlobalSection
	GlobalSection(ExtensibilityGlobals) = postSolution
		SolutionGuid = {DF45AC9D-CD83-4343-BE98-080628CEA4FA}
	EndGlobalSection
EndGlobal
